# Generated by pub
# See http://pub.dartlang.org/doc/glossary.html#lockfile
packages:
  args:
    description: args
    source: hosted
    version: "0.10.0+1"
  browser:
    description: browser
    source: hosted
    version: "0.10.0"
  chrome:
    description: chrome
    source: hosted
    version: "0.5.1"
  collection:
    description: collection
    source: hosted
    version: "0.9.1"
  grinder:
    description: grinder
    source: hosted
    version: "0.5.1"
  path:
    description: path
    source: hosted
    version: "1.0.0"
  quiver:
    description: quiver
    source: hosted
    version: "0.17.0"
